// !$*UTF8*$!
{
	archiveVersion = 1;
	classes = {
	};
	objectVersion = 56;
	objects = {

/* Begin PBXBuildFile section */
		9B1A96DB29E44D3F00E7F052 /* AppDelegate.swift in Sources */ = {isa = PBXBuildFile; fileRef = 9B1A96DA29E44D3F00E7F052 /* AppDelegate.swift */; };
		9B1A96DD29E44D3F00E7F052 /* SceneDelegate.swift in Sources */ = {isa = PBXBuildFile; fileRef = 9B1A96DC29E44D3F00E7F052 /* SceneDelegate.swift */; };
		9B1A96E229E44D3F00E7F052 /* Main.storyboard in Resources */ = {isa = PBXBuildFile; fileRef = 9B1A96E029E44D3F00E7F052 /* Main.storyboard */; };
		9B1A96E529E44D3F00E7F052 /* Sima.xcdatamodeld in Sources */ = {isa = PBXBuildFile; fileRef = 9B1A96E329E44D3F00E7F052 /* Sima.xcdatamodeld */; };
		9B1A96E729E44D4000E7F052 /* Assets.xcassets in Resources */ = {isa = PBXBuildFile; fileRef = 9B1A96E629E44D4000E7F052 /* Assets.xcassets */; };
		9B1A96EA29E44D4000E7F052 /* LaunchScreen.storyboard in Resources */ = {isa = PBXBuildFile; fileRef = 9B1A96E829E44D4000E7F052 /* LaunchScreen.storyboard */; };
		9B1A96F229E44DD500E7F052 /* MoviesTableViewController.swift in Sources */ = {isa = PBXBuildFile; fileRef = 9B1A96F129E44DD500E7F052 /* MoviesTableViewController.swift */; };
		9B1A96F429E455B500E7F052 /* MoviesProvider.swift in Sources */ = {isa = PBXBuildFile; fileRef = 9B1A96F329E455B500E7F052 /* MoviesProvider.swift */; };
		9B1A96F629E455F200E7F052 /* MovieItem.swift in Sources */ = {isa = PBXBuildFile; fileRef = 9B1A96F529E455F200E7F052 /* MovieItem.swift */; };
		9B1A96F829E45E5B00E7F052 /* MoviesResponse.swift in Sources */ = {isa = PBXBuildFile; fileRef = 9B1A96F729E45E5B00E7F052 /* MoviesResponse.swift */; };
		9B1A96FB29E4C51600E7F052 /* MovieTableViewCell.swift in Sources */ = {isa = PBXBuildFile; fileRef = 9B1A96FA29E4C51600E7F052 /* MovieTableViewCell.swift */; };
		9B1A96FD29E4C8E400E7F052 /* ImageCache.swift in Sources */ = {isa = PBXBuildFile; fileRef = 9B1A96FC29E4C8E400E7F052 /* ImageCache.swift */; };
		9B1A96FF29E4CB0700E7F052 /* star-vector-png-transparent-image-pngpix-21.png in Resources */ = {isa = PBXBuildFile; fileRef = 9B1A96FE29E4CB0700E7F052 /* star-vector-png-transparent-image-pngpix-21.png */; };
		9B1A970129E4EB7200E7F052 /* MovieDetailsViewController.swift in Sources */ = {isa = PBXBuildFile; fileRef = 9B1A970029E4EB7200E7F052 /* MovieDetailsViewController.swift */; };
		9B1A970329E4FDFA00E7F052 /* download.jpg in Resources */ = {isa = PBXBuildFile; fileRef = 9B1A970229E4FDFA00E7F052 /* download.jpg */; };
/* End PBXBuildFile section */

/* Begin PBXFileReference section */
		9B1A96D729E44D3F00E7F052 /* Sima.app */ = {isa = PBXFileReference; explicitFileType = wrapper.application; includeInIndex = 0; path = Sima.app; sourceTree = BUILT_PRODUCTS_DIR; };
		9B1A96DA29E44D3F00E7F052 /* AppDelegate.swift */ = {isa = PBXFileReference; lastKnownFileType = sourcecode.swift; path = AppDelegate.swift; sourceTree = "<group>"; };
		9B1A96DC29E44D3F00E7F052 /* SceneDelegate.swift */ = {isa = PBXFileReference; lastKnownFileType = sourcecode.swift; path = SceneDelegate.swift; sourceTree = "<group>"; };
		9B1A96E129E44D3F00E7F052 /* Base */ = {isa = PBXFileReference; lastKnownFileType = file.storyboard; name = Base; path = Base.lproj/Main.storyboard; sourceTree = "<group>"; };
		9B1A96E429E44D3F00E7F052 /* Sima.xcdatamodel */ = {isa = PBXFileReference; lastKnownFileType = wrapper.xcdatamodel; path = Sima.xcdatamodel; sourceTree = "<group>"; };
		9B1A96E629E44D4000E7F052 /* Assets.xcassets */ = {isa = PBXFileReference; lastKnownFileType = folder.assetcatalog; path = Assets.xcassets; sourceTree = "<group>"; };
		9B1A96E929E44D4000E7F052 /* Base */ = {isa = PBXFileReference; lastKnownFileType = file.storyboard; name = Base; path = Base.lproj/LaunchScreen.storyboard; sourceTree = "<group>"; };
		9B1A96EB29E44D4000E7F052 /* Info.plist */ = {isa = PBXFileReference; lastKnownFileType = text.plist.xml; path = Info.plist; sourceTree = "<group>"; };
		9B1A96F129E44DD500E7F052 /* MoviesTableViewController.swift */ = {isa = PBXFileReference; lastKnownFileType = sourcecode.swift; path = MoviesTableViewController.swift; sourceTree = "<group>"; };
		9B1A96F329E455B500E7F052 /* MoviesProvider.swift */ = {isa = PBXFileReference; lastKnownFileType = sourcecode.swift; path = MoviesProvider.swift; sourceTree = "<group>"; };
		9B1A96F529E455F200E7F052 /* MovieItem.swift */ = {isa = PBXFileReference; lastKnownFileType = sourcecode.swift; path = MovieItem.swift; sourceTree = "<group>"; };
		9B1A96F729E45E5B00E7F052 /* MoviesResponse.swift */ = {isa = PBXFileReference; lastKnownFileType = sourcecode.swift; path = MoviesResponse.swift; sourceTree = "<group>"; };
		9B1A96FA29E4C51600E7F052 /* MovieTableViewCell.swift */ = {isa = PBXFileReference; lastKnownFileType = sourcecode.swift; path = MovieTableViewCell.swift; sourceTree = "<group>"; };
		9B1A96FC29E4C8E400E7F052 /* ImageCache.swift */ = {isa = PBXFileReference; lastKnownFileType = sourcecode.swift; path = ImageCache.swift; sourceTree = "<group>"; };
		9B1A96FE29E4CB0700E7F052 /* star-vector-png-transparent-image-pngpix-21.png */ = {isa = PBXFileReference; lastKnownFileType = image.png; path = "star-vector-png-transparent-image-pngpix-21.png"; sourceTree = "<group>"; };
		9B1A970029E4EB7200E7F052 /* MovieDetailsViewController.swift */ = {isa = PBXFileReference; lastKnownFileType = sourcecode.swift; path = MovieDetailsViewController.swift; sourceTree = "<group>"; };
		9B1A970229E4FDFA00E7F052 /* download.jpg */ = {isa = PBXFileReference; lastKnownFileType = image.jpeg; path = download.jpg; sourceTree = "<group>"; };
/* End PBXFileReference section */

/* Begin PBXFrameworksBuildPhase section */
		9B1A96D429E44D3F00E7F052 /* Frameworks */ = {
			isa = PBXFrameworksBuildPhase;
			buildActionMask = 2147483647;
			files = (
			);
			runOnlyForDeploymentPostprocessing = 0;
		};
/* End PBXFrameworksBuildPhase section */

/* Begin PBXGroup section */
		9B1A96CE29E44D3F00E7F052 = {
			isa = PBXGroup;
			children = (
				9B1A96D929E44D3F00E7F052 /* Sima */,
				9B1A96D829E44D3F00E7F052 /* Products */,
			);
			sourceTree = "<group>";
		};
		9B1A96D829E44D3F00E7F052 /* Products */ = {
			isa = PBXGroup;
			children = (
				9B1A96D729E44D3F00E7F052 /* Sima.app */,
			);
			name = Products;
			sourceTree = "<group>";
		};
		9B1A96D929E44D3F00E7F052 /* Sima */ = {
			isa = PBXGroup;
			children = (
				9B1A96DA29E44D3F00E7F052 /* AppDelegate.swift */,
				9B1A96DC29E44D3F00E7F052 /* SceneDelegate.swift */,
				9B1A96F329E455B500E7F052 /* MoviesProvider.swift */,
				9B1A96F129E44DD500E7F052 /* MoviesTableViewController.swift */,
				9B1A970029E4EB7200E7F052 /* MovieDetailsViewController.swift */,
				9B1A96FA29E4C51600E7F052 /* MovieTableViewCell.swift */,
				9B1A96FC29E4C8E400E7F052 /* ImageCache.swift */,
				9B1A96F929E4C4FA00E7F052 /* Models */,
				9B1A96FE29E4CB0700E7F052 /* star-vector-png-transparent-image-pngpix-21.png */,
				9B1A970229E4FDFA00E7F052 /* download.jpg */,
				9B1A96E029E44D3F00E7F052 /* Main.storyboard */,
				9B1A96E629E44D4000E7F052 /* Assets.xcassets */,
				9B1A96E829E44D4000E7F052 /* LaunchScreen.storyboard */,
				9B1A96EB29E44D4000E7F052 /* Info.plist */,
				9B1A96E329E44D3F00E7F052 /* Sima.xcdatamodeld */,
			);
			path = Sima;
			sourceTree = "<group>";
		};
		9B1A96F929E4C4FA00E7F052 /* Models */ = {
			isa = PBXGroup;
			children = (
				9B1A96F729E45E5B00E7F052 /* MoviesResponse.swift */,
				9B1A96F529E455F200E7F052 /* MovieItem.swift */,
			);
			path = Models;
			sourceTree = "<group>";
		};
/* End PBXGroup section */

/* Begin PBXNativeTarget section */
		9B1A96D629E44D3F00E7F052 /* Sima */ = {
			isa = PBXNativeTarget;
			buildConfigurationList = 9B1A96EE29E44D4000E7F052 /* Build configuration list for PBXNativeTarget "Sima" */;
			buildPhases = (
				9B1A96D329E44D3F00E7F052 /* Sources */,
				9B1A96D429E44D3F00E7F052 /* Frameworks */,
				9B1A96D529E44D3F00E7F052 /* Resources */,
			);
			buildRules = (
			);
			dependencies = (
			);
			name = Sima;
			productName = Sima;
			productReference = 9B1A96D729E44D3F00E7F052 /* Sima.app */;
			productType = "com.apple.product-type.application";
		};
/* End PBXNativeTarget section */

/* Begin PBXProject section */
		9B1A96CF29E44D3F00E7F052 /* Project object */ = {
			isa = PBXProject;
			attributes = {
				BuildIndependentTargetsInParallel = 1;
				LastSwiftUpdateCheck = 1420;
				LastUpgradeCheck = 1420;
				TargetAttributes = {
					9B1A96D629E44D3F00E7F052 = {
						CreatedOnToolsVersion = 14.2;
					};
				};
			};
			buildConfigurationList = 9B1A96D229E44D3F00E7F052 /* Build configuration list for PBXProject "Sima" */;
			compatibilityVersion = "Xcode 14.0";
			developmentRegion = en;
			hasScannedForEncodings = 0;
			knownRegions = (
				en,
				Base,
			);
			mainGroup = 9B1A96CE29E44D3F00E7F052;
			productRefGroup = 9B1A96D829E44D3F00E7F052 /* Products */;
			projectDirPath = "";
			projectRoot = "";
			targets = (
				9B1A96D629E44D3F00E7F052 /* Sima */,
			);
		};
/* End PBXProject section */

/* Begin PBXResourcesBuildPhase section */
		9B1A96D529E44D3F00E7F052 /* Resources */ = {
			isa = PBXResourcesBuildPhase;
			buildActionMask = 2147483647;
			files = (
				9B1A96FF29E4CB0700E7F052 /* star-vector-png-transparent-image-pngpix-21.png in Resources */,
				9B1A970329E4FDFA00E7F052 /* download.jpg in Resources */,
				9B1A96EA29E44D4000E7F052 /* LaunchScreen.storyboard in Resources */,
				9B1A96E729E44D4000E7F052 /* Assets.xcassets in Resources */,
				9B1A96E229E44D3F00E7F052 /* Main.storyboard in Resources */,
			);
			runOnlyForDeploymentPostprocessing = 0;
		};
/* End PBXResourcesBuildPhase section */

/* Begin PBXSourcesBuildPhase section */
		9B1A96D329E44D3F00E7F052 /* Sources */ = {
			isa = PBXSourcesBuildPhase;
			buildActionMask = 2147483647;
			files = (
				9B1A970129E4EB7200E7F052 /* MovieDetailsViewController.swift in Sources */,
				9B1A96DB29E44D3F00E7F052 /* AppDelegate.swift in Sources */,
				9B1A96F429E455B500E7F052 /* MoviesProvider.swift in Sources */,
				9B1A96DD29E44D3F00E7F052 /* SceneDelegate.swift in Sources */,
				9B1A96FD29E4C8E400E7F052 /* ImageCache.swift in Sources */,
				9B1A96F829E45E5B00E7F052 /* MoviesResponse.swift in Sources */,
				9B1A96F629E455F200E7F052 /* MovieItem.swift in Sources */,
				9B1A96F229E44DD500E7F052 /* MoviesTableViewController.swift in Sources */,
				9B1A96FB29E4C51600E7F052 /* MovieTableViewCell.swift in Sources */,
				9B1A96E529E44D3F00E7F052 /* Sima.xcdatamodeld in Sources */,
			);
			runOnlyForDeploymentPostprocessing = 0;
		};
/* End PBXSourcesBuildPhase section */

/* Begin PBXVariantGroup section */
		9B1A96E029E44D3F00E7F052 /* Main.storyboard */ = {
			isa = PBXVariantGroup;
			children = (
				9B1A96E129E44D3F00E7F052 /* Base */,
			);
			name = Main.storyboard;
			sourceTree = "<group>";
		};
		9B1A96E829E44D4000E7F052 /* LaunchScreen.storyboard */ = {
			isa = PBXVariantGroup;
			children = (
				9B1A96E929E44D4000E7F052 /* Base */,
			);
			name = LaunchScreen.storyboard;
			sourceTree = "<group>";
		};
/* End PBXVariantGroup section */

/* Begin XCBuildConfiguration section */
		9B1A96EC29E44D4000E7F052 /* Debug */ = {
			isa = XCBuildConfiguration;
			buildSettings = {
				ALWAYS_SEARCH_USER_PATHS = NO;
				CLANG_ANALYZER_NONNULL = YES;
				CLANG_ANALYZER_NUMBER_OBJECT_CONVERSION = YES_AGGRESSIVE;
				CLANG_CXX_LANGUAGE_STANDARD = "gnu++20";
				CLANG_ENABLE_MODULES = YES;
				CLANG_ENABLE_OBJC_ARC = YES;
				CLANG_ENABLE_OBJC_WEAK = YES;
				CLANG_WARN_BLOCK_CAPTURE_AUTORELEASING = YES;
				CLANG_WARN_BOOL_CONVERSION = YES;
				CLANG_WARN_COMMA = YES;
				CLANG_WARN_CONSTANT_CONVERSION = YES;
				CLANG_WARN_DEPRECATED_OBJC_IMPLEMENTATIONS = YES;
				CLANG_WARN_DIRECT_OBJC_ISA_USAGE = YES_ERROR;
				CLANG_WARN_DOCUMENTATION_COMMENTS = YES;
				CLANG_WARN_EMPTY_BODY = YES;
				CLANG_WARN_ENUM_CONVERSION = YES;
				CLANG_WARN_INFINITE_RECURSION = YES;
				CLANG_WARN_INT_CONVERSION = YES;
				CLANG_WARN_NON_LITERAL_NULL_CONVERSION = YES;
				CLANG_WARN_OBJC_IMPLICIT_RETAIN_SELF = YES;
				CLANG_WARN_OBJC_LITERAL_CONVERSION = YES;
				CLANG_WARN_OBJC_ROOT_CLASS = YES_ERROR;
				CLANG_WARN_QUOTED_INCLUDE_IN_FRAMEWORK_HEADER = YES;
				CLANG_WARN_RANGE_LOOP_ANALYSIS = YES;
				CLANG_WARN_STRICT_PROTOTYPES = YES;
				CLANG_WARN_SUSPICIOUS_MOVE = YES;
				CLANG_WARN_UNGUARDED_AVAILABILITY = YES_AGGRESSIVE;
				CLANG_WARN_UNREACHABLE_CODE = YES;
				CLANG_WARN__DUPLICATE_METHOD_MATCH = YES;
				COPY_PHASE_STRIP = NO;
				DEBUG_INFORMATION_FORMAT = dwarf;
				ENABLE_STRICT_OBJC_MSGSEND = YES;
				ENABLE_TESTABILITY = YES;
				GCC_C_LANGUAGE_STANDARD = gnu11;
				GCC_DYNAMIC_NO_PIC = NO;
				GCC_NO_COMMON_BLOCKS = YES;
				GCC_OPTIMIZATION_LEVEL = 0;
				GCC_PREPROCESSOR_DEFINITIONS = (
					"DEBUG=1",
					"$(inherited)",
				);
				GCC_WARN_64_TO_32_BIT_CONVERSION = YES;
				GCC_WARN_ABOUT_RETURN_TYPE = YES_ERROR;
				GCC_WARN_UNDECLARED_SELECTOR = YES;
				GCC_WARN_UNINITIALIZED_AUTOS = YES_AGGRESSIVE;
				GCC_WARN_UNUSED_FUNCTION = YES;
				GCC_WARN_UNUSED_VARIABLE = YES;
				IPHONEOS_DEPLOYMENT_TARGET = 16.2;
				MTL_ENABLE_DEBUG_INFO = INCLUDE_SOURCE;
				MTL_FAST_MATH = YES;
				ONLY_ACTIVE_ARCH = YES;
				SDKROOT = iphoneos;
				SWIFT_ACTIVE_COMPILATION_CONDITIONS = DEBUG;
				SWIFT_OPTIMIZATION_LEVEL = "-Onone";
			};
			name = Debug;
		};
		9B1A96ED29E44D4000E7F052 /* Release */ = {
			isa = XCBuildConfiguration;
			buildSettings = {
				ALWAYS_SEARCH_USER_PATHS = NO;
				CLANG_ANALYZER_NONNULL = YES;
				CLANG_ANALYZER_NUMBER_OBJECT_CONVERSION = YES_AGGRESSIVE;
				CLANG_CXX_LANGUAGE_STANDARD = "gnu++20";
				CLANG_ENABLE_MODULES = YES;
				CLANG_ENABLE_OBJC_ARC = YES;
				CLANG_ENABLE_OBJC_WEAK = YES;
				CLANG_WARN_BLOCK_CAPTURE_AUTORELEASING = YES;
				CLANG_WARN_BOOL_CONVERSION = YES;
				CLANG_WARN_COMMA = YES;
				CLANG_WARN_CONSTANT_CONVERSION = YES;
				CLANG_WARN_DEPRECATED_OBJC_IMPLEMENTATIONS = YES;
				CLANG_WARN_DIRECT_OBJC_ISA_USAGE = YES_ERROR;
				CLANG_WARN_DOCUMENTATION_COMMENTS = YES;
				CLANG_WARN_EMPTY_BODY = YES;
				CLANG_WARN_ENUM_CONVERSION = YES;
				CLANG_WARN_INFINITE_RECURSION = YES;
				CLANG_WARN_INT_CONVERSION = YES;
				CLANG_WARN_NON_LITERAL_NULL_CONVERSION = YES;
				CLANG_WARN_OBJC_IMPLICIT_RETAIN_SELF = YES;
				CLANG_WARN_OBJC_LITERAL_CONVERSION = YES;
				CLANG_WARN_OBJC_ROOT_CLASS = YES_ERROR;
				CLANG_WARN_QUOTED_INCLUDE_IN_FRAMEWORK_HEADER = YES;
				CLANG_WARN_RANGE_LOOP_ANALYSIS = YES;
				CLANG_WARN_STRICT_PROTOTYPES = YES;
				CLANG_WARN_SUSPICIOUS_MOVE = YES;
				CLANG_WARN_UNGUARDED_AVAILABILITY = YES_AGGRESSIVE;
				CLANG_WARN_UNREACHABLE_CODE = YES;
				CLANG_WARN__DUPLICATE_METHOD_MATCH = YES;
				COPY_PHASE_STRIP = NO;
				DEBUG_INFORMATION_FORMAT = "dwarf-with-dsym";
				ENABLE_NS_ASSERTIONS = NO;
				ENABLE_STRICT_OBJC_MSGSEND = YES;
				GCC_C_LANGUAGE_STANDARD = gnu11;
				GCC_NO_COMMON_BLOCKS = YES;
				GCC_WARN_64_TO_32_BIT_CONVERSION = YES;
				GCC_WARN_ABOUT_RETURN_TYPE = YES_ERROR;
				GCC_WARN_UNDECLARED_SELECTOR = YES;
				GCC_WARN_UNINITIALIZED_AUTOS = YES_AGGRESSIVE;
				GCC_WARN_UNUSED_FUNCTION = YES;
				GCC_WARN_UNUSED_VARIABLE = YES;
				IPHONEOS_DEPLOYMENT_TARGET = 16.2;
				MTL_ENABLE_DEBUG_INFO = NO;
				MTL_FAST_MATH = YES;
				SDKROOT = iphoneos;
				SWIFT_COMPILATION_MODE = wholemodule;
				SWIFT_OPTIMIZATION_LEVEL = "-O";
				VALIDATE_PRODUCT = YES;
			};
			name = Release;
		};
		9B1A96EF29E44D4000E7F052 /* Debug */ = {
			isa = XCBuildConfiguration;
			buildSettings = {
				ASSETCATALOG_COMPILER_APPICON_NAME = AppIcon;
				ASSETCATALOG_COMPILER_GLOBAL_ACCENT_COLOR_NAME = AccentColor;
				CODE_SIGN_STYLE = Automatic;
				CURRENT_PROJECT_VERSION = 1;
				DEVELOPMENT_TEAM = HNUU2VG2CJ;
				GENERATE_INFOPLIST_FILE = YES;
				INFOPLIST_FILE = Sima/Info.plist;
				INFOPLIST_KEY_UIApplicationSupportsIndirectInputEvents = YES;
				INFOPLIST_KEY_UILaunchStoryboardName = LaunchScreen;
				INFOPLIST_KEY_UIMainStoryboardFile = Main;
				INFOPLIST_KEY_UISupportedInterfaceOrientations_iPad = "UIInterfaceOrientationPortrait UIInterfaceOrientationPortraitUpsideDown UIInterfaceOrientationLandscapeLeft UIInterfaceOrientationLandscapeRight";
				INFOPLIST_KEY_UISupportedInterfaceOrientations_iPhone = "UIInterfaceOrientationPortrait UIInterfaceOrientationLandscapeLeft UIInterfaceOrientationLandscapeRight";
				IPHONEOS_DEPLOYMENT_TARGET = 14.0;
				LD_RUNPATH_SEARCH_PATHS = (
					"$(inherited)",
					"@executable_path/Frameworks",
				);
				MARKETING_VERSION = 1.0;
				PRODUCT_BUNDLE_IDENTIFIER = com.nouvelware.Sima;
				PRODUCT_NAME = "$(TARGET_NAME)";
				SWIFT_EMIT_LOC_STRINGS = YES;
				SWIFT_VERSION = 5.0;
				TARGETED_DEVICE_FAMILY = "1,2";
			};
			name = Debug;
		};
		9B1A96F029E44D4000E7F052 /* Release */ = {
			isa = XCBuildConfiguration;
			buildSettings = {
				ASSETCATALOG_COMPILER_APPICON_NAME = AppIcon;
				ASSETCATALOG_COMPILER_GLOBAL_ACCENT_COLOR_NAME = AccentColor;
				CODE_SIGN_STYLE = Automatic;
				CURRENT_PROJECT_VERSION = 1;
				DEVELOPMENT_TEAM = HNUU2VG2CJ;
				GENERATE_INFOPLIST_FILE = YES;
				INFOPLIST_FILE = Sima/Info.plist;
				INFOPLIST_KEY_UIApplicationSupportsIndirectInputEvents = YES;
				INFOPLIST_KEY_UILaunchStoryboardName = LaunchScreen;
				INFOPLIST_KEY_UIMainStoryboardFile = Main;
				INFOPLIST_KEY_UISupportedInterfaceOrientations_iPad = "UIInterfaceOrientationPortrait UIInterfaceOrientationPortraitUpsideDown UIInterfaceOrientationLandscapeLeft UIInterfaceOrientationLandscapeRight";
				INFOPLIST_KEY_UISupportedInterfaceOrientations_iPhone = "UIInterfaceOrientationPortrait UIInterfaceOrientationLandscapeLeft UIInterfaceOrientationLandscapeRight";
				IPHONEOS_DEPLOYMENT_TARGET = 14.0;
				LD_RUNPATH_SEARCH_PATHS = (
					"$(inherited)",
					"@executable_path/Frameworks",
				);
				MARKETING_VERSION = 1.0;
				PRODUCT_BUNDLE_IDENTIFIER = com.nouvelware.Sima;
				PRODUCT_NAME = "$(TARGET_NAME)";
				SWIFT_EMIT_LOC_STRINGS = YES;
				SWIFT_VERSION = 5.0;
				TARGETED_DEVICE_FAMILY = "1,2";
			};
			name = Release;
		};
/* End XCBuildConfiguration section */

/* Begin XCConfigurationList section */
		9B1A96D229E44D3F00E7F052 /* Build configuration list for PBXProject "Sima" */ = {
			isa = XCConfigurationList;
			buildConfigurations = (
				9B1A96EC29E44D4000E7F052 /* Debug */,
				9B1A96ED29E44D4000E7F052 /* Release */,
			);
			defaultConfigurationIsVisible = 0;
			defaultConfigurationName = Release;
		};
		9B1A96EE29E44D4000E7F052 /* Build configuration list for PBXNativeTarget "Sima" */ = {
			isa = XCConfigurationList;
			buildConfigurations = (
				9B1A96EF29E44D4000E7F052 /* Debug */,
				9B1A96F029E44D4000E7F052 /* Release */,
			);
			defaultConfigurationIsVisible = 0;
			defaultConfigurationName = Release;
		};
/* End XCConfigurationList section */

/* Begin XCVersionGroup section */
		9B1A96E329E44D3F00E7F052 /* Sima.xcdatamodeld */ = {
			isa = XCVersionGroup;
			children = (
				9B1A96E429E44D3F00E7F052 /* Sima.xcdatamodel */,
			);
			currentVersion = 9B1A96E429E44D3F00E7F052 /* Sima.xcdatamodel */;
			path = Sima.xcdatamodeld;
			sourceTree = "<group>";
			versionGroupType = wrapper.xcdatamodel;
		};
/* End XCVersionGroup section */
	};
	rootObject = 9B1A96CF29E44D3F00E7F052 /* Project object */;
}
